// !$*UTF8*$!
{
	archiveVersion = 1;
	classes = {
	};
	objectVersion = 48;
	objects = {

/* Begin PBXBuildFile section */
		96C61C22203084B0007198D7 /* AppDelegate.swift in Sources */ = {isa = PBXBuildFile; fileRef = 96C61C21203084B0007198D7 /* AppDelegate.swift */; };
		96C61C24203084B0007198D7 /* ViewController.swift in Sources */ = {isa = PBXBuildFile; fileRef = 96C61C23203084B0007198D7 /* ViewController.swift */; };
		96C61C29203084B0007198D7 /* Assets.xcassets in Resources */ = {isa = PBXBuildFile; fileRef = 96C61C28203084B0007198D7 /* Assets.xcassets */; };
		96C61C2C203084B0007198D7 /* LaunchScreen.storyboard in Resources */ = {isa = PBXBuildFile; fileRef = 96C61C2A203084B0007198D7 /* LaunchScreen.storyboard */; };
		96C61C37203084B0007198D7 /* TaskTests.swift in Sources */ = {isa = PBXBuildFile; fileRef = 96C61C36203084B0007198D7 /* TaskTests.swift */; };
		96C61C42203084B0007198D7 /* TaskUITests.swift in Sources */ = {isa = PBXBuildFile; fileRef = 96C61C41203084B0007198D7 /* TaskUITests.swift */; };
		96C61C5620308650007198D7 /* Router.swift in Sources */ = {isa = PBXBuildFile; fileRef = 96C61C5520308650007198D7 /* Router.swift */; };
		96C61C5820308C54007198D7 /* ActivityDataModel.swift in Sources */ = {isa = PBXBuildFile; fileRef = 96C61C5720308C54007198D7 /* ActivityDataModel.swift */; };
		96C61C5B20308C73007198D7 /* ActivityService.swift in Sources */ = {isa = PBXBuildFile; fileRef = 96C61C5920308C73007198D7 /* ActivityService.swift */; };
		96C61C5C20308C73007198D7 /* TaskService.swift in Sources */ = {isa = PBXBuildFile; fileRef = 96C61C5A20308C73007198D7 /* TaskService.swift */; };
		96C61C6120308C91007198D7 /* WebServiceUrls.swift in Sources */ = {isa = PBXBuildFile; fileRef = 96C61C5D20308C90007198D7 /* WebServiceUrls.swift */; };
		96C61C6220308C91007198D7 /* Constants.swift in Sources */ = {isa = PBXBuildFile; fileRef = 96C61C5E20308C90007198D7 /* Constants.swift */; };
		96C61C6420308C91007198D7 /* AppStyleSettings.swift in Sources */ = {isa = PBXBuildFile; fileRef = 96C61C6020308C91007198D7 /* AppStyleSettings.swift */; };
		96C61C6720308D6E007198D7 /* UIViewController+Helper.swift in Sources */ = {isa = PBXBuildFile; fileRef = 96C61C6520308D6D007198D7 /* UIViewController+Helper.swift */; };
		96C61C6820308D6E007198D7 /* UIColor+Helper.swift in Sources */ = {isa = PBXBuildFile; fileRef = 96C61C6620308D6E007198D7 /* UIColor+Helper.swift */; };
		99BC3E2E0D354F128C684FF9 /* Pods_Task.framework in Frameworks */ = {isa = PBXBuildFile; fileRef = C289A9DE04F165F9E31FD033 /* Pods_Task.framework */; };
/* End PBXBuildFile section */

/* Begin PBXContainerItemProxy section */
		96C61C33203084B0007198D7 /* PBXContainerItemProxy */ = {
			isa = PBXContainerItemProxy;
			containerPortal = 96C61C16203084B0007198D7 /* Project object */;
			proxyType = 1;
			remoteGlobalIDString = 96C61C1D203084B0007198D7;
			remoteInfo = Task;
		};
		96C61C3E203084B0007198D7 /* PBXContainerItemProxy */ = {
			isa = PBXContainerItemProxy;
			containerPortal = 96C61C16203084B0007198D7 /* Project object */;
			proxyType = 1;
			remoteGlobalIDString = 96C61C1D203084B0007198D7;
			remoteInfo = Task;
		};
/* End PBXContainerItemProxy section */

/* Begin PBXFileReference section */
		6257E89B9BA7CC028F933BC4 /* Pods-Task.release.xcconfig */ = {isa = PBXFileReference; includeInIndex = 1; lastKnownFileType = text.xcconfig; name = "Pods-Task.release.xcconfig"; path = "Pods/Target Support Files/Pods-Task/Pods-Task.release.xcconfig"; sourceTree = "<group>"; };
		96C61C1E203084B0007198D7 /* Task.app */ = {isa = PBXFileReference; explicitFileType = wrapper.application; includeInIndex = 0; path = Task.app; sourceTree = BUILT_PRODUCTS_DIR; };
		96C61C21203084B0007198D7 /* AppDelegate.swift */ = {isa = PBXFileReference; lastKnownFileType = sourcecode.swift; path = AppDelegate.swift; sourceTree = "<group>"; };
		96C61C23203084B0007198D7 /* ViewController.swift */ = {isa = PBXFileReference; lastKnownFileType = sourcecode.swift; path = ViewController.swift; sourceTree = "<group>"; };
		96C61C28203084B0007198D7 /* Assets.xcassets */ = {isa = PBXFileReference; lastKnownFileType = folder.assetcatalog; path = Assets.xcassets; sourceTree = "<group>"; };
		96C61C2B203084B0007198D7 /* Base */ = {isa = PBXFileReference; lastKnownFileType = file.storyboard; name = Base; path = Base.lproj/LaunchScreen.storyboard; sourceTree = "<group>"; };
		96C61C2D203084B0007198D7 /* Info.plist */ = {isa = PBXFileReference; lastKnownFileType = text.plist.xml; path = Info.plist; sourceTree = "<group>"; };
		96C61C32203084B0007198D7 /* TaskTests.xctest */ = {isa = PBXFileReference; explicitFileType = wrapper.cfbundle; includeInIndex = 0; path = TaskTests.xctest; sourceTree = BUILT_PRODUCTS_DIR; };
		96C61C36203084B0007198D7 /* TaskTests.swift */ = {isa = PBXFileReference; lastKnownFileType = sourcecode.swift; path = TaskTests.swift; sourceTree = "<group>"; };
		96C61C38203084B0007198D7 /* Info.plist */ = {isa = PBXFileReference; lastKnownFileType = text.plist.xml; path = Info.plist; sourceTree = "<group>"; };
		96C61C3D203084B0007198D7 /* TaskUITests.xctest */ = {isa = PBXFileReference; explicitFileType = wrapper.cfbundle; includeInIndex = 0; path = TaskUITests.xctest; sourceTree = BUILT_PRODUCTS_DIR; };
		96C61C41203084B0007198D7 /* TaskUITests.swift */ = {isa = PBXFileReference; lastKnownFileType = sourcecode.swift; path = TaskUITests.swift; sourceTree = "<group>"; };
		96C61C43203084B0007198D7 /* Info.plist */ = {isa = PBXFileReference; lastKnownFileType = text.plist.xml; path = Info.plist; sourceTree = "<group>"; };
		96C61C5520308650007198D7 /* Router.swift */ = {isa = PBXFileReference; fileEncoding = 4; lastKnownFileType = sourcecode.swift; path = Router.swift; sourceTree = "<group>"; };
		96C61C5720308C54007198D7 /* ActivityDataModel.swift */ = {isa = PBXFileReference; fileEncoding = 4; lastKnownFileType = sourcecode.swift; path = ActivityDataModel.swift; sourceTree = "<group>"; };
		96C61C5920308C73007198D7 /* ActivityService.swift */ = {isa = PBXFileReference; fileEncoding = 4; lastKnownFileType = sourcecode.swift; path = ActivityService.swift; sourceTree = "<group>"; };
		96C61C5A20308C73007198D7 /* TaskService.swift */ = {isa = PBXFileReference; fileEncoding = 4; lastKnownFileType = sourcecode.swift; path = TaskService.swift; sourceTree = "<group>"; };
		96C61C5D20308C90007198D7 /* WebServiceUrls.swift */ = {isa = PBXFileReference; fileEncoding = 4; lastKnownFileType = sourcecode.swift; path = WebServiceUrls.swift; sourceTree = "<group>"; };
		96C61C5E20308C90007198D7 /* Constants.swift */ = {isa = PBXFileReference; fileEncoding = 4; lastKnownFileType = sourcecode.swift; path = Constants.swift; sourceTree = "<group>"; };
		96C61C6020308C91007198D7 /* AppStyleSettings.swift */ = {isa = PBXFileReference; fileEncoding = 4; lastKnownFileType = sourcecode.swift; path = AppStyleSettings.swift; sourceTree = "<group>"; };
		96C61C6520308D6D007198D7 /* UIViewController+Helper.swift */ = {isa = PBXFileReference; fileEncoding = 4; lastKnownFileType = sourcecode.swift; path = "UIViewController+Helper.swift"; sourceTree = "<group>"; };
		96C61C6620308D6E007198D7 /* UIColor+Helper.swift */ = {isa = PBXFileReference; fileEncoding = 4; lastKnownFileType = sourcecode.swift; path = "UIColor+Helper.swift"; sourceTree = "<group>"; };
		C289A9DE04F165F9E31FD033 /* Pods_Task.framework */ = {isa = PBXFileReference; explicitFileType = wrapper.framework; includeInIndex = 0; path = Pods_Task.framework; sourceTree = BUILT_PRODUCTS_DIR; };
		F67CB1461E9EBA3D1CD9124F /* Pods-Task.debug.xcconfig */ = {isa = PBXFileReference; includeInIndex = 1; lastKnownFileType = text.xcconfig; name = "Pods-Task.debug.xcconfig"; path = "Pods/Target Support Files/Pods-Task/Pods-Task.debug.xcconfig"; sourceTree = "<group>"; };
/* End PBXFileReference section */

/* Begin PBXFrameworksBuildPhase section */
		96C61C1B203084B0007198D7 /* Frameworks */ = {
			isa = PBXFrameworksBuildPhase;
			buildActionMask = 2147483647;
			files = (
				99BC3E2E0D354F128C684FF9 /* Pods_Task.framework in Frameworks */,
			);
			runOnlyForDeploymentPostprocessing = 0;
		};
		96C61C2F203084B0007198D7 /* Frameworks */ = {
			isa = PBXFrameworksBuildPhase;
			buildActionMask = 2147483647;
			files = (
			);
			runOnlyForDeploymentPostprocessing = 0;
		};
		96C61C3A203084B0007198D7 /* Frameworks */ = {
			isa = PBXFrameworksBuildPhase;
			buildActionMask = 2147483647;
			files = (
			);
			runOnlyForDeploymentPostprocessing = 0;
		};
/* End PBXFrameworksBuildPhase section */

/* Begin PBXGroup section */
		17134BA3C43C518F8C310327 /* Frameworks */ = {
			isa = PBXGroup;
			children = (
				C289A9DE04F165F9E31FD033 /* Pods_Task.framework */,
			);
			name = Frameworks;
			sourceTree = "<group>";
		};
		96C61C15203084B0007198D7 = {
			isa = PBXGroup;
			children = (
				96C61C20203084B0007198D7 /* Task */,
				96C61C35203084B0007198D7 /* TaskTests */,
				96C61C40203084B0007198D7 /* TaskUITests */,
				96C61C1F203084B0007198D7 /* Products */,
				D7CF8B0A5554549D56A5B31D /* Pods */,
				17134BA3C43C518F8C310327 /* Frameworks */,
			);
			sourceTree = "<group>";
		};
		96C61C1F203084B0007198D7 /* Products */ = {
			isa = PBXGroup;
			children = (
				96C61C1E203084B0007198D7 /* Task.app */,
				96C61C32203084B0007198D7 /* TaskTests.xctest */,
				96C61C3D203084B0007198D7 /* TaskUITests.xctest */,
			);
			name = Products;
			sourceTree = "<group>";
		};
		96C61C20203084B0007198D7 /* Task */ = {
			isa = PBXGroup;
			children = (
				96C61C21203084B0007198D7 /* AppDelegate.swift */,
				96C61C4F20308616007198D7 /* APIRequestManager */,
				96C61C5020308616007198D7 /* Controllers */,
				96C61C5420308617007198D7 /* DataModels */,
				96C61C5120308616007198D7 /* Extensions */,
				96C61C5220308616007198D7 /* TableViewCell */,
				96C61C5320308617007198D7 /* Utilities */,
				96C61C28203084B0007198D7 /* Assets.xcassets */,
				96C61C2A203084B0007198D7 /* LaunchScreen.storyboard */,
				96C61C2D203084B0007198D7 /* Info.plist */,
			);
			path = Task;
			sourceTree = "<group>";
		};
		96C61C35203084B0007198D7 /* TaskTests */ = {
			isa = PBXGroup;
			children = (
				96C61C36203084B0007198D7 /* TaskTests.swift */,
				96C61C38203084B0007198D7 /* Info.plist */,
			);
			path = TaskTests;
			sourceTree = "<group>";
		};
		96C61C40203084B0007198D7 /* TaskUITests */ = {
			isa = PBXGroup;
			children = (
				96C61C41203084B0007198D7 /* TaskUITests.swift */,
				96C61C43203084B0007198D7 /* Info.plist */,
			);
			path = TaskUITests;
			sourceTree = "<group>";
		};
		96C61C4F20308616007198D7 /* APIRequestManager */ = {
			isa = PBXGroup;
			children = (
				96C61C5920308C73007198D7 /* ActivityService.swift */,
				96C61C5A20308C73007198D7 /* TaskService.swift */,
			);
			path = APIRequestManager;
			sourceTree = "<group>";
		};
		96C61C5020308616007198D7 /* Controllers */ = {
			isa = PBXGroup;
			children = (
				96C61C23203084B0007198D7 /* ViewController.swift */,
			);
			path = Controllers;
			sourceTree = "<group>";
		};
		96C61C5120308616007198D7 /* Extensions */ = {
			isa = PBXGroup;
			children = (
				96C61C6620308D6E007198D7 /* UIColor+Helper.swift */,
				96C61C6520308D6D007198D7 /* UIViewController+Helper.swift */,
			);
			path = Extensions;
			sourceTree = "<group>";
		};
		96C61C5220308616007198D7 /* TableViewCell */ = {
			isa = PBXGroup;
			children = (
			);
			path = TableViewCell;
			sourceTree = "<group>";
		};
		96C61C5320308617007198D7 /* Utilities */ = {
			isa = PBXGroup;
			children = (
				96C61C6020308C91007198D7 /* AppStyleSettings.swift */,
				96C61C5E20308C90007198D7 /* Constants.swift */,
				96C61C5D20308C90007198D7 /* WebServiceUrls.swift */,
				96C61C5520308650007198D7 /* Router.swift */,
			);
			path = Utilities;
			sourceTree = "<group>";
		};
		96C61C5420308617007198D7 /* DataModels */ = {
			isa = PBXGroup;
			children = (
				96C61C5720308C54007198D7 /* ActivityDataModel.swift */,
			);
			path = DataModels;
			sourceTree = "<group>";
		};
		D7CF8B0A5554549D56A5B31D /* Pods */ = {
			isa = PBXGroup;
			children = (
				F67CB1461E9EBA3D1CD9124F /* Pods-Task.debug.xcconfig */,
				6257E89B9BA7CC028F933BC4 /* Pods-Task.release.xcconfig */,
			);
			name = Pods;
			sourceTree = "<group>";
		};
/* End PBXGroup section */

/* Begin PBXNativeTarget section */
		96C61C1D203084B0007198D7 /* Task */ = {
			isa = PBXNativeTarget;
			buildConfigurationList = 96C61C46203084B0007198D7 /* Build configuration list for PBXNativeTarget "Task" */;
			buildPhases = (
				F39A0456159F1007E2C4BF39 /* [CP] Check Pods Manifest.lock */,
				96C61C1A203084B0007198D7 /* Sources */,
				96C61C1B203084B0007198D7 /* Frameworks */,
				96C61C1C203084B0007198D7 /* Resources */,
				1AE053CC8F4499A0282CF6B0 /* [CP] Embed Pods Frameworks */,
				0E4795B44989424C67D75AC6 /* [CP] Copy Pods Resources */,
			);
			buildRules = (
			);
			dependencies = (
			);
			name = Task;
			productName = Task;
			productReference = 96C61C1E203084B0007198D7 /* Task.app */;
			productType = "com.apple.product-type.application";
		};
		96C61C31203084B0007198D7 /* TaskTests */ = {
			isa = PBXNativeTarget;
			buildConfigurationList = 96C61C49203084B0007198D7 /* Build configuration list for PBXNativeTarget "TaskTests" */;
			buildPhases = (
				96C61C2E203084B0007198D7 /* Sources */,
				96C61C2F203084B0007198D7 /* Frameworks */,
				96C61C30203084B0007198D7 /* Resources */,
			);
			buildRules = (
			);
			dependencies = (
				96C61C34203084B0007198D7 /* PBXTargetDependency */,
			);
			name = TaskTests;
			productName = TaskTests;
			productReference = 96C61C32203084B0007198D7 /* TaskTests.xctest */;
			productType = "com.apple.product-type.bundle.unit-test";
		};
		96C61C3C203084B0007198D7 /* TaskUITests */ = {
			isa = PBXNativeTarget;
			buildConfigurationList = 96C61C4C203084B0007198D7 /* Build configuration list for PBXNativeTarget "TaskUITests" */;
			buildPhases = (
				96C61C39203084B0007198D7 /* Sources */,
				96C61C3A203084B0007198D7 /* Frameworks */,
				96C61C3B203084B0007198D7 /* Resources */,
			);
			buildRules = (
			);
			dependencies = (
				96C61C3F203084B0007198D7 /* PBXTargetDependency */,
			);
			name = TaskUITests;
			productName = TaskUITests;
			productReference = 96C61C3D203084B0007198D7 /* TaskUITests.xctest */;
			productType = "com.apple.product-type.bundle.ui-testing";
		};
/* End PBXNativeTarget section */

/* Begin PBXProject section */
		96C61C16203084B0007198D7 /* Project object */ = {
			isa = PBXProject;
			attributes = {
				LastSwiftUpdateCheck = 0920;
				LastUpgradeCheck = 0920;
				ORGANIZATIONNAME = Saran;
				TargetAttributes = {
					96C61C1D203084B0007198D7 = {
						CreatedOnToolsVersion = 9.2;
						ProvisioningStyle = Automatic;
					};
					96C61C31203084B0007198D7 = {
						CreatedOnToolsVersion = 9.2;
						ProvisioningStyle = Automatic;
						TestTargetID = 96C61C1D203084B0007198D7;
					};
					96C61C3C203084B0007198D7 = {
						CreatedOnToolsVersion = 9.2;
						ProvisioningStyle = Automatic;
						TestTargetID = 96C61C1D203084B0007198D7;
					};
				};
			};
			buildConfigurationList = 96C61C19203084B0007198D7 /* Build configuration list for PBXProject "Task" */;
			compatibilityVersion = "Xcode 8.0";
			developmentRegion = en;
			hasScannedForEncodings = 0;
			knownRegions = (
				en,
				Base,
			);
			mainGroup = 96C61C15203084B0007198D7;
			productRefGroup = 96C61C1F203084B0007198D7 /* Products */;
			projectDirPath = "";
			projectRoot = "";
			targets = (
				96C61C1D203084B0007198D7 /* Task */,
				96C61C31203084B0007198D7 /* TaskTests */,
				96C61C3C203084B0007198D7 /* TaskUITests */,
			);
		};
/* End PBXProject section */

/* Begin PBXResourcesBuildPhase section */
		96C61C1C203084B0007198D7 /* Resources */ = {
			isa = PBXResourcesBuildPhase;
			buildActionMask = 2147483647;
			files = (
				96C61C2C203084B0007198D7 /* LaunchScreen.storyboard in Resources */,
				96C61C29203084B0007198D7 /* Assets.xcassets in Resources */,
			);
			runOnlyForDeploymentPostprocessing = 0;
		};
		96C61C30203084B0007198D7 /* Resources */ = {
			isa = PBXResourcesBuildPhase;
			buildActionMask = 2147483647;
			files = (
			);
			runOnlyForDeploymentPostprocessing = 0;
		};
		96C61C3B203084B0007198D7 /* Resources */ = {
			isa = PBXResourcesBuildPhase;
			buildActionMask = 2147483647;
			files = (
			);
			runOnlyForDeploymentPostprocessing = 0;
		};
/* End PBXResourcesBuildPhase section */

/* Begin PBXShellScriptBuildPhase section */
		0E4795B44989424C67D75AC6 /* [CP] Copy Pods Resources */ = {
			isa = PBXShellScriptBuildPhase;
			buildActionMask = 2147483647;
			files = (
			);
			inputPaths = (
			);
			name = "[CP] Copy Pods Resources";
			outputPaths = (
			);
			runOnlyForDeploymentPostprocessing = 0;
			shellPath = /bin/sh;
			shellScript = "\"${SRCROOT}/Pods/Target Support Files/Pods-Task/Pods-Task-resources.sh\"\n";
			showEnvVarsInLog = 0;
		};
		1AE053CC8F4499A0282CF6B0 /* [CP] Embed Pods Frameworks */ = {
			isa = PBXShellScriptBuildPhase;
			buildActionMask = 2147483647;
			files = (
			);
			inputPaths = (
			);
			name = "[CP] Embed Pods Frameworks";
			outputPaths = (
			);
			runOnlyForDeploymentPostprocessing = 0;
			shellPath = /bin/sh;
			shellScript = "\"${SRCROOT}/Pods/Target Support Files/Pods-Task/Pods-Task-frameworks.sh\"\n";
			showEnvVarsInLog = 0;
		};
		F39A0456159F1007E2C4BF39 /* [CP] Check Pods Manifest.lock */ = {
			isa = PBXShellScriptBuildPhase;
			buildActionMask = 2147483647;
			files = (
			);
			inputPaths = (
			);
			name = "[CP] Check Pods Manifest.lock";
			outputPaths = (
			);
			runOnlyForDeploymentPostprocessing = 0;
			shellPath = /bin/sh;
			shellScript = "diff \"${PODS_ROOT}/../Podfile.lock\" \"${PODS_ROOT}/Manifest.lock\" > /dev/null\nif [ $? != 0 ] ; then\n    # print error to STDERR\n    echo \"error: The sandbox is not in sync with the Podfile.lock. Run 'pod install' or update your CocoaPods installation.\" >&2\n    exit 1\nfi\n";
			showEnvVarsInLog = 0;
		};
/* End PBXShellScriptBuildPhase section */

/* Begin PBXSourcesBuildPhase section */
		96C61C1A203084B0007198D7 /* Sources */ = {
			isa = PBXSourcesBuildPhase;
			buildActionMask = 2147483647;
			files = (
				96C61C6720308D6E007198D7 /* UIViewController+Helper.swift in Sources */,
				96C61C6120308C91007198D7 /* WebServiceUrls.swift in Sources */,
				96C61C5B20308C73007198D7 /* ActivityService.swift in Sources */,
				96C61C24203084B0007198D7 /* ViewController.swift in Sources */,
				96C61C5C20308C73007198D7 /* TaskService.swift in Sources */,
				96C61C5620308650007198D7 /* Router.swift in Sources */,
				96C61C5820308C54007198D7 /* ActivityDataModel.swift in Sources */,
				96C61C22203084B0007198D7 /* AppDelegate.swift in Sources */,
				96C61C6820308D6E007198D7 /* UIColor+Helper.swift in Sources */,
				96C61C6420308C91007198D7 /* AppStyleSettings.swift in Sources */,
				96C61C6220308C91007198D7 /* Constants.swift in Sources */,
			);
			runOnlyForDeploymentPostprocessing = 0;
		};
		96C61C2E203084B0007198D7 /* Sources */ = {
			isa = PBXSourcesBuildPhase;
			buildActionMask = 2147483647;
			files = (
				96C61C37203084B0007198D7 /* TaskTests.swift in Sources */,
			);
			runOnlyForDeploymentPostprocessing = 0;
		};
		96C61C39203084B0007198D7 /* Sources */ = {
			isa = PBXSourcesBuildPhase;
			buildActionMask = 2147483647;
			files = (
				96C61C42203084B0007198D7 /* TaskUITests.swift in Sources */,
			);
			runOnlyForDeploymentPostprocessing = 0;
		};
/* End PBXSourcesBuildPhase section */

/* Begin PBXTargetDependency section */
		96C61C34203084B0007198D7 /* PBXTargetDependency */ = {
			isa = PBXTargetDependency;
			target = 96C61C1D203084B0007198D7 /* Task */;
			targetProxy = 96C61C33203084B0007198D7 /* PBXContainerItemProxy */;
		};
		96C61C3F203084B0007198D7 /* PBXTargetDependency */ = {
			isa = PBXTargetDependency;
			target = 96C61C1D203084B0007198D7 /* Task */;
			targetProxy = 96C61C3E203084B0007198D7 /* PBXContainerItemProxy */;
		};
/* End PBXTargetDependency section */

/* Begin PBXVariantGroup section */
		96C61C2A203084B0007198D7 /* LaunchScreen.storyboard */ = {
			isa = PBXVariantGroup;
			children = (
				96C61C2B203084B0007198D7 /* Base */,
			);
			name = LaunchScreen.storyboard;
			sourceTree = "<group>";
		};
/* End PBXVariantGroup section */

/* Begin XCBuildConfiguration section */
		96C61C44203084B0007198D7 /* Debug */ = {
			isa = XCBuildConfiguration;
			buildSettings = {
				ALWAYS_SEARCH_USER_PATHS = NO;
				CLANG_ANALYZER_NONNULL = YES;
				CLANG_ANALYZER_NUMBER_OBJECT_CONVERSION = YES_AGGRESSIVE;
				CLANG_CXX_LANGUAGE_STANDARD = "gnu++14";
				CLANG_CXX_LIBRARY = "libc++";
				CLANG_ENABLE_MODULES = YES;
				CLANG_ENABLE_OBJC_ARC = YES;
				CLANG_WARN_BLOCK_CAPTURE_AUTORELEASING = YES;
				CLANG_WARN_BOOL_CONVERSION = YES;
				CLANG_WARN_COMMA = YES;
				CLANG_WARN_CONSTANT_CONVERSION = YES;
				CLANG_WARN_DIRECT_OBJC_ISA_USAGE = YES_ERROR;
				CLANG_WARN_DOCUMENTATION_COMMENTS = YES;
				CLANG_WARN_EMPTY_BODY = YES;
				CLANG_WARN_ENUM_CONVERSION = YES;
				CLANG_WARN_INFINITE_RECURSION = YES;
				CLANG_WARN_INT_CONVERSION = YES;
				CLANG_WARN_NON_LITERAL_NULL_CONVERSION = YES;
				CLANG_WARN_OBJC_LITERAL_CONVERSION = YES;
				CLANG_WARN_OBJC_ROOT_CLASS = YES_ERROR;
				CLANG_WARN_RANGE_LOOP_ANALYSIS = YES;
				CLANG_WARN_STRICT_PROTOTYPES = YES;
				CLANG_WARN_SUSPICIOUS_MOVE = YES;
				CLANG_WARN_UNGUARDED_AVAILABILITY = YES_AGGRESSIVE;
				CLANG_WARN_UNREACHABLE_CODE = YES;
				CLANG_WARN__DUPLICATE_METHOD_MATCH = YES;
				CODE_SIGN_IDENTITY = "iPhone Developer";
				COPY_PHASE_STRIP = NO;
				DEBUG_INFORMATION_FORMAT = dwarf;
				ENABLE_STRICT_OBJC_MSGSEND = YES;
				ENABLE_TESTABILITY = YES;
				GCC_C_LANGUAGE_STANDARD = gnu11;
				GCC_DYNAMIC_NO_PIC = NO;
				GCC_NO_COMMON_BLOCKS = YES;
				GCC_OPTIMIZATION_LEVEL = 0;
				GCC_PREPROCESSOR_DEFINITIONS = (
					"DEBUG=1",
					"$(inherited)",
				);
				GCC_WARN_64_TO_32_BIT_CONVERSION = YES;
				GCC_WARN_ABOUT_RETURN_TYPE = YES_ERROR;
				GCC_WARN_UNDECLARED_SELECTOR = YES;
				GCC_WARN_UNINITIALIZED_AUTOS = YES_AGGRESSIVE;
				GCC_WARN_UNUSED_FUNCTION = YES;
				GCC_WARN_UNUSED_VARIABLE = YES;
				IPHONEOS_DEPLOYMENT_TARGET = 11.2;
				MTL_ENABLE_DEBUG_INFO = YES;
				ONLY_ACTIVE_ARCH = YES;
				SDKROOT = iphoneos;
				SWIFT_ACTIVE_COMPILATION_CONDITIONS = DEBUG;
				SWIFT_OPTIMIZATION_LEVEL = "-Onone";
			};
			name = Debug;
		};
		96C61C45203084B0007198D7 /* Release */ = {
			isa = XCBuildConfiguration;
			buildSettings = {
				ALWAYS_SEARCH_USER_PATHS = NO;
				CLANG_ANALYZER_NONNULL = YES;
				CLANG_ANALYZER_NUMBER_OBJECT_CONVERSION = YES_AGGRESSIVE;
				CLANG_CXX_LANGUAGE_STANDARD = "gnu++14";
				CLANG_CXX_LIBRARY = "libc++";
				CLANG_ENABLE_MODULES = YES;
				CLANG_ENABLE_OBJC_ARC = YES;
				CLANG_WARN_BLOCK_CAPTURE_AUTORELEASING = YES;
				CLANG_WARN_BOOL_CONVERSION = YES;
				CLANG_WARN_COMMA = YES;
				CLANG_WARN_CONSTANT_CONVERSION = YES;
				CLANG_WARN_DIRECT_OBJC_ISA_USAGE = YES_ERROR;
				CLANG_WARN_DOCUMENTATION_COMMENTS = YES;
				CLANG_WARN_EMPTY_BODY = YES;
				CLANG_WARN_ENUM_CONVERSION = YES;
				CLANG_WARN_INFINITE_RECURSION = YES;
				CLANG_WARN_INT_CONVERSION = YES;
				CLANG_WARN_NON_LITERAL_NULL_CONVERSION = YES;
				CLANG_WARN_OBJC_LITERAL_CONVERSION = YES;
				CLANG_WARN_OBJC_ROOT_CLASS = YES_ERROR;
				CLANG_WARN_RANGE_LOOP_ANALYSIS = YES;
				CLANG_WARN_STRICT_PROTOTYPES = YES;
				CLANG_WARN_SUSPICIOUS_MOVE = YES;
				CLANG_WARN_UNGUARDED_AVAILABILITY = YES_AGGRESSIVE;
				CLANG_WARN_UNREACHABLE_CODE = YES;
				CLANG_WARN__DUPLICATE_METHOD_MATCH = YES;
				CODE_SIGN_IDENTITY = "iPhone Developer";
				COPY_PHASE_STRIP = NO;
				DEBUG_INFORMATION_FORMAT = "dwarf-with-dsym";
				ENABLE_NS_ASSERTIONS = NO;
				ENABLE_STRICT_OBJC_MSGSEND = YES;
				GCC_C_LANGUAGE_STANDARD = gnu11;
				GCC_NO_COMMON_BLOCKS = YES;
				GCC_WARN_64_TO_32_BIT_CONVERSION = YES;
				GCC_WARN_ABOUT_RETURN_TYPE = YES_ERROR;
				GCC_WARN_UNDECLARED_SELECTOR = YES;
				GCC_WARN_UNINITIALIZED_AUTOS = YES_AGGRESSIVE;
				GCC_WARN_UNUSED_FUNCTION = YES;
				GCC_WARN_UNUSED_VARIABLE = YES;
				IPHONEOS_DEPLOYMENT_TARGET = 11.2;
				MTL_ENABLE_DEBUG_INFO = NO;
				SDKROOT = iphoneos;
				SWIFT_OPTIMIZATION_LEVEL = "-Owholemodule";
				VALIDATE_PRODUCT = YES;
			};
			name = Release;
		};
		96C61C47203084B0007198D7 /* Debug */ = {
			isa = XCBuildConfiguration;
			baseConfigurationReference = F67CB1461E9EBA3D1CD9124F /* Pods-Task.debug.xcconfig */;
			buildSettings = {
				ASSETCATALOG_COMPILER_APPICON_NAME = AppIcon;
				CODE_SIGN_STYLE = Automatic;
				DEVELOPMENT_TEAM = GC6L3YGRP6;
				INFOPLIST_FILE = Task/Info.plist;
				LD_RUNPATH_SEARCH_PATHS = "$(inherited) @executable_path/Frameworks";
				PRODUCT_BUNDLE_IDENTIFIER = com.infotectch.infotech.Task;
				PRODUCT_NAME = "$(TARGET_NAME)";
				SWIFT_VERSION = 4.0;
				TARGETED_DEVICE_FAMILY = "1,2";
			};
			name = Debug;
		};
		96C61C48203084B0007198D7 /* Release */ = {
			isa = XCBuildConfiguration;
			baseConfigurationReference = 6257E89B9BA7CC028F933BC4 /* Pods-Task.release.xcconfig */;
			buildSettings = {
				ASSETCATALOG_COMPILER_APPICON_NAME = AppIcon;
				CODE_SIGN_STYLE = Automatic;
				DEVELOPMENT_TEAM = GC6L3YGRP6;
				INFOPLIST_FILE = Task/Info.plist;
				LD_RUNPATH_SEARCH_PATHS = "$(inherited) @executable_path/Frameworks";
				PRODUCT_BUNDLE_IDENTIFIER = com.infotectch.infotech.Task;
				PRODUCT_NAME = "$(TARGET_NAME)";
				SWIFT_VERSION = 4.0;
				TARGETED_DEVICE_FAMILY = "1,2";
			};
			name = Release;
		};
		96C61C4A203084B0007198D7 /* Debug */ = {
			isa = XCBuildConfiguration;
			buildSettings = {
				ALWAYS_EMBED_SWIFT_STANDARD_LIBRARIES = YES;
				BUNDLE_LOADER = "$(TEST_HOST)";
				CODE_SIGN_STYLE = Automatic;
				DEVELOPMENT_TEAM = GC6L3YGRP6;
				INFOPLIST_FILE = TaskTests/Info.plist;
				LD_RUNPATH_SEARCH_PATHS = "$(inherited) @executable_path/Frameworks @loader_path/Frameworks";
				PRODUCT_BUNDLE_IDENTIFIER = com.infotectch.infotech.TaskTests;
				PRODUCT_NAME = "$(TARGET_NAME)";
				SWIFT_VERSION = 4.0;
				TARGETED_DEVICE_FAMILY = "1,2";
				TEST_HOST = "$(BUILT_PRODUCTS_DIR)/Task.app/Task";
			};
			name = Debug;
		};
		96C61C4B203084B0007198D7 /* Release */ = {
			isa = XCBuildConfiguration;
			buildSettings = {
				ALWAYS_EMBED_SWIFT_STANDARD_LIBRARIES = YES;
				BUNDLE_LOADER = "$(TEST_HOST)";
				CODE_SIGN_STYLE = Automatic;
				DEVELOPMENT_TEAM = GC6L3YGRP6;
				INFOPLIST_FILE = TaskTests/Info.plist;
				LD_RUNPATH_SEARCH_PATHS = "$(inherited) @executable_path/Frameworks @loader_path/Frameworks";
				PRODUCT_BUNDLE_IDENTIFIER = com.infotectch.infotech.TaskTests;
				PRODUCT_NAME = "$(TARGET_NAME)";
				SWIFT_VERSION = 4.0;
				TARGETED_DEVICE_FAMILY = "1,2";
				TEST_HOST = "$(BUILT_PRODUCTS_DIR)/Task.app/Task";
			};
			name = Release;
		};
		96C61C4D203084B0007198D7 /* Debug */ = {
			isa = XCBuildConfiguration;
			buildSettings = {
				ALWAYS_EMBED_SWIFT_STANDARD_LIBRARIES = YES;
				CODE_SIGN_STYLE = Automatic;
				DEVELOPMENT_TEAM = GC6L3YGRP6;
				INFOPLIST_FILE = TaskUITests/Info.plist;
				LD_RUNPATH_SEARCH_PATHS = "$(inherited) @executable_path/Frameworks @loader_path/Frameworks";
				PRODUCT_BUNDLE_IDENTIFIER = com.infotectch.infotech.TaskUITests;
				PRODUCT_NAME = "$(TARGET_NAME)";
				SWIFT_VERSION = 4.0;
				TARGETED_DEVICE_FAMILY = "1,2";
				TEST_TARGET_NAME = Task;
			};
			name = Debug;
		};
		96C61C4E203084B0007198D7 /* Release */ = {
			isa = XCBuildConfiguration;
			buildSettings = {
				ALWAYS_EMBED_SWIFT_STANDARD_LIBRARIES = YES;
				CODE_SIGN_STYLE = Automatic;
				DEVELOPMENT_TEAM = GC6L3YGRP6;
				INFOPLIST_FILE = TaskUITests/Info.plist;
				LD_RUNPATH_SEARCH_PATHS = "$(inherited) @executable_path/Frameworks @loader_path/Frameworks";
				PRODUCT_BUNDLE_IDENTIFIER = com.infotectch.infotech.TaskUITests;
				PRODUCT_NAME = "$(TARGET_NAME)";
				SWIFT_VERSION = 4.0;
				TARGETED_DEVICE_FAMILY = "1,2";
				TEST_TARGET_NAME = Task;
			};
			name = Release;
		};
/* End XCBuildConfiguration section */

/* Begin XCConfigurationList section */
		96C61C19203084B0007198D7 /* Build configuration list for PBXProject "Task" */ = {
			isa = XCConfigurationList;
			buildConfigurations = (
				96C61C44203084B0007198D7 /* Debug */,
				96C61C45203084B0007198D7 /* Release */,
			);
			defaultConfigurationIsVisible = 0;
			defaultConfigurationName = Release;
		};
		96C61C46203084B0007198D7 /* Build configuration list for PBXNativeTarget "Task" */ = {
			isa = XCConfigurationList;
			buildConfigurations = (
				96C61C47203084B0007198D7 /* Debug */,
				96C61C48203084B0007198D7 /* Release */,
			);
			defaultConfigurationIsVisible = 0;
			defaultConfigurationName = Release;
		};
		96C61C49203084B0007198D7 /* Build configuration list for PBXNativeTarget "TaskTests" */ = {
			isa = XCConfigurationList;
			buildConfigurations = (
				96C61C4A203084B0007198D7 /* Debug */,
				96C61C4B203084B0007198D7 /* Release */,
			);
			defaultConfigurationIsVisible = 0;
			defaultConfigurationName = Release;
		};
		96C61C4C203084B0007198D7 /* Build configuration list for PBXNativeTarget "TaskUITests" */ = {
			isa = XCConfigurationList;
			buildConfigurations = (
				96C61C4D203084B0007198D7 /* Debug */,
				96C61C4E203084B0007198D7 /* Release */,
			);
			defaultConfigurationIsVisible = 0;
			defaultConfigurationName = Release;
		};
/* End XCConfigurationList section */
	};
	rootObject = 96C61C16203084B0007198D7 /* Project object */;
}
